
Microsoft Visual Studio Solution File, Format Version 12.00
# Visual Studio Version 16
VisualStudioVersion = 16.0.31410.357
MinimumVisualStudioVersion = 10.0.40219.1
Project("{8BC9CEB8-8B4A-11D0-8D11-00A0C91BC942}") = "Apartments", "Apartments.vcxproj", "{7C96B167-BF01-41D8-8EF8-2983DF37159A}"
EndProject
Global
	GlobalSection(SolutionConfigurationPlatforms) = preSolution
		Debug|x64 = Debug|x64
		Debug|x86 = Debug|x86
		Release|x64 = Release|x64
		Release|x86 = Release|x86
	EndGlobalSection
	GlobalSection(ProjectConfigurationPlatforms) = postSolution
		{7C96B167-BF01-41D8-8EF8-2983DF37159A}.Debug|x64.ActiveCfg = Debug|x64
		{7C96B167-BF01-41D8-8EF8-2983DF37159A}.Debug|x64.Build.0 = Debug|x64
		{7C96B167-BF01-41D8-8EF8-2983DF37159A}.Debug|x86.ActiveCfg = Debug|Win32
		{7C96B167-BF01-41D8-8EF8-2983DF37159A}.Debug|x86.Build.0 = Debug|Win32
		{7C96B167-BF01-41D8-8EF8-2983DF37159A}.Release|x64.ActiveCfg = Release|x64
		{7C96B167-BF01-41D8-8EF8-2983DF37159A}.Release|x64.Build.0 = Release|x64
		{7C96B167-BF01-41D8-8EF8-2983DF37159A}.Release|x86.ActiveCfg = Release|Win32
		{7C96B167-BF01-41D8-8EF8-2983DF37159A}.Release|x86.Build.0 = Release|Win32
	EndGlobalSection
	GlobalSection(SolutionProperties) = preSolution
		HideSolutionNode = FALSE
	EndGlobalSection
	GlobalSection(ExtensibilityGlobals) = postSolution
		SolutionGuid = {FF614C2D-E48A-4473-9920-A4E99CE3D746}
	EndGlobalSection
EndGlobal
