
Microsoft Visual Studio Solution File, Format Version 12.00
# Visual Studio Version 16
VisualStudioVersion = 16.0.33130.400
MinimumVisualStudioVersion = 10.0.40219.1
Project("{8BC9CEB8-8B4A-11D0-8D11-00A0C91BC942}") = "Replication", "Replication.vcxproj", "{83EF7B00-8FED-46DD-9AA8-F041D51099E8}"
EndProject
Global
	GlobalSection(SolutionConfigurationPlatforms) = preSolution
		Debug|x64 = Debug|x64
		Debug|x86 = Debug|x86
		Release|x64 = Release|x64
		Release|x86 = Release|x86
	EndGlobalSection
	GlobalSection(ProjectConfigurationPlatforms) = postSolution
		{83EF7B00-8FED-46DD-9AA8-F041D51099E8}.Debug|x64.ActiveCfg = Debug|x64
		{83EF7B00-8FED-46DD-9AA8-F041D51099E8}.Debug|x64.Build.0 = Debug|x64
		{83EF7B00-8FED-46DD-9AA8-F041D51099E8}.Debug|x86.ActiveCfg = Debug|Win32
		{83EF7B00-8FED-46DD-9AA8-F041D51099E8}.Debug|x86.Build.0 = Debug|Win32
		{83EF7B00-8FED-46DD-9AA8-F041D51099E8}.Release|x64.ActiveCfg = Release|x64
		{83EF7B00-8FED-46DD-9AA8-F041D51099E8}.Release|x64.Build.0 = Release|x64
		{83EF7B00-8FED-46DD-9AA8-F041D51099E8}.Release|x86.ActiveCfg = Release|Win32
		{83EF7B00-8FED-46DD-9AA8-F041D51099E8}.Release|x86.Build.0 = Release|Win32
	EndGlobalSection
	GlobalSection(SolutionProperties) = preSolution
		HideSolutionNode = FALSE
	EndGlobalSection
	GlobalSection(ExtensibilityGlobals) = postSolution
		SolutionGuid = {38FEA76B-59D6-4F91-81DA-B535A5D3CD4E}
	EndGlobalSection
EndGlobal
