
Microsoft Visual Studio Solution File, Format Version 12.00
# Visual Studio Version 16
VisualStudioVersion = 16.0.33130.400
MinimumVisualStudioVersion = 10.0.40219.1
Project("{8BC9CEB8-8B4A-11D0-8D11-00A0C91BC942}") = "QueueAtTheSchool", "QueueAtTheSchool.vcxproj", "{BA6E3339-44B5-49B9-9727-E638D2D583DF}"
EndProject
Global
	GlobalSection(SolutionConfigurationPlatforms) = preSolution
		Debug|x64 = Debug|x64
		Debug|x86 = Debug|x86
		Release|x64 = Release|x64
		Release|x86 = Release|x86
	EndGlobalSection
	GlobalSection(ProjectConfigurationPlatforms) = postSolution
		{BA6E3339-44B5-49B9-9727-E638D2D583DF}.Debug|x64.ActiveCfg = Debug|x64
		{BA6E3339-44B5-49B9-9727-E638D2D583DF}.Debug|x64.Build.0 = Debug|x64
		{BA6E3339-44B5-49B9-9727-E638D2D583DF}.Debug|x86.ActiveCfg = Debug|Win32
		{BA6E3339-44B5-49B9-9727-E638D2D583DF}.Debug|x86.Build.0 = Debug|Win32
		{BA6E3339-44B5-49B9-9727-E638D2D583DF}.Release|x64.ActiveCfg = Release|x64
		{BA6E3339-44B5-49B9-9727-E638D2D583DF}.Release|x64.Build.0 = Release|x64
		{BA6E3339-44B5-49B9-9727-E638D2D583DF}.Release|x86.ActiveCfg = Release|Win32
		{BA6E3339-44B5-49B9-9727-E638D2D583DF}.Release|x86.Build.0 = Release|Win32
	EndGlobalSection
	GlobalSection(SolutionProperties) = preSolution
		HideSolutionNode = FALSE
	EndGlobalSection
	GlobalSection(ExtensibilityGlobals) = postSolution
		SolutionGuid = {BDB0EDA5-E9B7-4CC3-BD03-AC5376F4F13C}
	EndGlobalSection
EndGlobal
