
Microsoft Visual Studio Solution File, Format Version 12.00
# Visual Studio Version 16
VisualStudioVersion = 16.0.31410.357
MinimumVisualStudioVersion = 10.0.40219.1
Project("{8BC9CEB8-8B4A-11D0-8D11-00A0C91BC942}") = "Prob2", "Prob2.vcxproj", "{4C49B516-7421-4225-A1E6-6EC7DAA132F6}"
EndProject
Global
	GlobalSection(SolutionConfigurationPlatforms) = preSolution
		Debug|x64 = Debug|x64
		Debug|x86 = Debug|x86
		Release|x64 = Release|x64
		Release|x86 = Release|x86
	EndGlobalSection
	GlobalSection(ProjectConfigurationPlatforms) = postSolution
		{4C49B516-7421-4225-A1E6-6EC7DAA132F6}.Debug|x64.ActiveCfg = Debug|x64
		{4C49B516-7421-4225-A1E6-6EC7DAA132F6}.Debug|x64.Build.0 = Debug|x64
		{4C49B516-7421-4225-A1E6-6EC7DAA132F6}.Debug|x86.ActiveCfg = Debug|Win32
		{4C49B516-7421-4225-A1E6-6EC7DAA132F6}.Debug|x86.Build.0 = Debug|Win32
		{4C49B516-7421-4225-A1E6-6EC7DAA132F6}.Release|x64.ActiveCfg = Release|x64
		{4C49B516-7421-4225-A1E6-6EC7DAA132F6}.Release|x64.Build.0 = Release|x64
		{4C49B516-7421-4225-A1E6-6EC7DAA132F6}.Release|x86.ActiveCfg = Release|Win32
		{4C49B516-7421-4225-A1E6-6EC7DAA132F6}.Release|x86.Build.0 = Release|Win32
	EndGlobalSection
	GlobalSection(SolutionProperties) = preSolution
		HideSolutionNode = FALSE
	EndGlobalSection
	GlobalSection(ExtensibilityGlobals) = postSolution
		SolutionGuid = {E13CA47C-8654-4D39-B203-B09DE18FED4C}
	EndGlobalSection
EndGlobal
