
Microsoft Visual Studio Solution File, Format Version 12.00
# Visual Studio Version 16
VisualStudioVersion = 16.0.31410.357
MinimumVisualStudioVersion = 10.0.40219.1
Project("{8BC9CEB8-8B4A-11D0-8D11-00A0C91BC942}") = "Contest2", "Contest2.vcxproj", "{DC07D873-BA92-4BE9-ABD9-D387A339136C}"
EndProject
Global
	GlobalSection(SolutionConfigurationPlatforms) = preSolution
		Debug|x64 = Debug|x64
		Debug|x86 = Debug|x86
		Release|x64 = Release|x64
		Release|x86 = Release|x86
	EndGlobalSection
	GlobalSection(ProjectConfigurationPlatforms) = postSolution
		{DC07D873-BA92-4BE9-ABD9-D387A339136C}.Debug|x64.ActiveCfg = Debug|x64
		{DC07D873-BA92-4BE9-ABD9-D387A339136C}.Debug|x64.Build.0 = Debug|x64
		{DC07D873-BA92-4BE9-ABD9-D387A339136C}.Debug|x86.ActiveCfg = Debug|Win32
		{DC07D873-BA92-4BE9-ABD9-D387A339136C}.Debug|x86.Build.0 = Debug|Win32
		{DC07D873-BA92-4BE9-ABD9-D387A339136C}.Release|x64.ActiveCfg = Release|x64
		{DC07D873-BA92-4BE9-ABD9-D387A339136C}.Release|x64.Build.0 = Release|x64
		{DC07D873-BA92-4BE9-ABD9-D387A339136C}.Release|x86.ActiveCfg = Release|Win32
		{DC07D873-BA92-4BE9-ABD9-D387A339136C}.Release|x86.Build.0 = Release|Win32
	EndGlobalSection
	GlobalSection(SolutionProperties) = preSolution
		HideSolutionNode = FALSE
	EndGlobalSection
	GlobalSection(ExtensibilityGlobals) = postSolution
		SolutionGuid = {29003F5A-95FE-49F8-BC19-5D20E059E602}
	EndGlobalSection
EndGlobal
