
Microsoft Visual Studio Solution File, Format Version 12.00
# Visual Studio Version 16
VisualStudioVersion = 16.0.31410.357
MinimumVisualStudioVersion = 10.0.40219.1
Project("{8BC9CEB8-8B4A-11D0-8D11-00A0C91BC942}") = "Prob1", "Prob1.vcxproj", "{60389FA4-B1FB-4AA5-AE17-AB40B76547CE}"
EndProject
Global
	GlobalSection(SolutionConfigurationPlatforms) = preSolution
		Debug|x64 = Debug|x64
		Debug|x86 = Debug|x86
		Release|x64 = Release|x64
		Release|x86 = Release|x86
	EndGlobalSection
	GlobalSection(ProjectConfigurationPlatforms) = postSolution
		{60389FA4-B1FB-4AA5-AE17-AB40B76547CE}.Debug|x64.ActiveCfg = Debug|x64
		{60389FA4-B1FB-4AA5-AE17-AB40B76547CE}.Debug|x64.Build.0 = Debug|x64
		{60389FA4-B1FB-4AA5-AE17-AB40B76547CE}.Debug|x86.ActiveCfg = Debug|Win32
		{60389FA4-B1FB-4AA5-AE17-AB40B76547CE}.Debug|x86.Build.0 = Debug|Win32
		{60389FA4-B1FB-4AA5-AE17-AB40B76547CE}.Release|x64.ActiveCfg = Release|x64
		{60389FA4-B1FB-4AA5-AE17-AB40B76547CE}.Release|x64.Build.0 = Release|x64
		{60389FA4-B1FB-4AA5-AE17-AB40B76547CE}.Release|x86.ActiveCfg = Release|Win32
		{60389FA4-B1FB-4AA5-AE17-AB40B76547CE}.Release|x86.Build.0 = Release|Win32
	EndGlobalSection
	GlobalSection(SolutionProperties) = preSolution
		HideSolutionNode = FALSE
	EndGlobalSection
	GlobalSection(ExtensibilityGlobals) = postSolution
		SolutionGuid = {56A3FE35-E2A2-409E-8BF9-20437D9CF45D}
	EndGlobalSection
EndGlobal
