
Microsoft Visual Studio Solution File, Format Version 12.00
# Visual Studio Version 16
VisualStudioVersion = 16.0.32602.291
MinimumVisualStudioVersion = 10.0.40219.1
Project("{8BC9CEB8-8B4A-11D0-8D11-00A0C91BC942}") = "Prob1GlobablRound", "Prob1GlobablRound.vcxproj", "{B4C56972-3736-4944-B8F5-1679F70D1D25}"
EndProject
Global
	GlobalSection(SolutionConfigurationPlatforms) = preSolution
		Debug|x64 = Debug|x64
		Debug|x86 = Debug|x86
		Release|x64 = Release|x64
		Release|x86 = Release|x86
	EndGlobalSection
	GlobalSection(ProjectConfigurationPlatforms) = postSolution
		{B4C56972-3736-4944-B8F5-1679F70D1D25}.Debug|x64.ActiveCfg = Debug|x64
		{B4C56972-3736-4944-B8F5-1679F70D1D25}.Debug|x64.Build.0 = Debug|x64
		{B4C56972-3736-4944-B8F5-1679F70D1D25}.Debug|x86.ActiveCfg = Debug|Win32
		{B4C56972-3736-4944-B8F5-1679F70D1D25}.Debug|x86.Build.0 = Debug|Win32
		{B4C56972-3736-4944-B8F5-1679F70D1D25}.Release|x64.ActiveCfg = Release|x64
		{B4C56972-3736-4944-B8F5-1679F70D1D25}.Release|x64.Build.0 = Release|x64
		{B4C56972-3736-4944-B8F5-1679F70D1D25}.Release|x86.ActiveCfg = Release|Win32
		{B4C56972-3736-4944-B8F5-1679F70D1D25}.Release|x86.Build.0 = Release|Win32
	EndGlobalSection
	GlobalSection(SolutionProperties) = preSolution
		HideSolutionNode = FALSE
	EndGlobalSection
	GlobalSection(ExtensibilityGlobals) = postSolution
		SolutionGuid = {75EF2150-FA53-4767-AB73-2418B8FCEF3B}
	EndGlobalSection
EndGlobal
