
Microsoft Visual Studio Solution File, Format Version 12.00
# Visual Studio Version 16
VisualStudioVersion = 16.0.31410.357
MinimumVisualStudioVersion = 10.0.40219.1
Project("{8BC9CEB8-8B4A-11D0-8D11-00A0C91BC942}") = "6016", "6016.vcxproj", "{E686F005-9680-451E-B6F7-CF11140353AD}"
EndProject
Global
	GlobalSection(SolutionConfigurationPlatforms) = preSolution
		Debug|x64 = Debug|x64
		Debug|x86 = Debug|x86
		Release|x64 = Release|x64
		Release|x86 = Release|x86
	EndGlobalSection
	GlobalSection(ProjectConfigurationPlatforms) = postSolution
		{E686F005-9680-451E-B6F7-CF11140353AD}.Debug|x64.ActiveCfg = Debug|x64
		{E686F005-9680-451E-B6F7-CF11140353AD}.Debug|x64.Build.0 = Debug|x64
		{E686F005-9680-451E-B6F7-CF11140353AD}.Debug|x86.ActiveCfg = Debug|Win32
		{E686F005-9680-451E-B6F7-CF11140353AD}.Debug|x86.Build.0 = Debug|Win32
		{E686F005-9680-451E-B6F7-CF11140353AD}.Release|x64.ActiveCfg = Release|x64
		{E686F005-9680-451E-B6F7-CF11140353AD}.Release|x64.Build.0 = Release|x64
		{E686F005-9680-451E-B6F7-CF11140353AD}.Release|x86.ActiveCfg = Release|Win32
		{E686F005-9680-451E-B6F7-CF11140353AD}.Release|x86.Build.0 = Release|Win32
	EndGlobalSection
	GlobalSection(SolutionProperties) = preSolution
		HideSolutionNode = FALSE
	EndGlobalSection
	GlobalSection(ExtensibilityGlobals) = postSolution
		SolutionGuid = {6971105D-767C-48A0-B939-044C080F26B3}
	EndGlobalSection
EndGlobal
